
Microsoft Visual Studio Solution File, Format Version 12.00
# Visual Studio Version 16
VisualStudioVersion = 16.0.32106.194
MinimumVisualStudioVersion = 10.0.40219.1
Project("{FAE04EC0-301F-11D3-BF4B-00C04F79EFBC}") = "VendingMachine", "VendingMachine\VendingMachine.csproj", "{1B742752-63DF-432E-AE29-72D56D74BF4D}"
EndProject
Global
	GlobalSection(SolutionConfigurationPlatforms) = preSolution
		Debug|Any CPU = Debug|Any CPU
		Release|Any CPU = Release|Any CPU
	EndGlobalSection
	GlobalSection(ProjectConfigurationPlatforms) = postSolution
		{1B742752-63DF-432E-AE29-72D56D74BF4D}.Debug|Any CPU.ActiveCfg = Debug|Any CPU
		{1B742752-63DF-432E-AE29-72D56D74BF4D}.Debug|Any CPU.Build.0 = Debug|Any CPU
		{1B742752-63DF-432E-AE29-72D56D74BF4D}.Release|Any CPU.ActiveCfg = Release|Any CPU
		{1B742752-63DF-432E-AE29-72D56D74BF4D}.Release|Any CPU.Build.0 = Release|Any CPU
	EndGlobalSection
	GlobalSection(SolutionProperties) = preSolution
		HideSolutionNode = FALSE
	EndGlobalSection
	GlobalSection(ExtensibilityGlobals) = postSolution
		SolutionGuid = {02114295-CA85-41FA-B4CF-ABD9906A5B1F}
	EndGlobalSection
EndGlobal
